
Microsoft Visual Studio Solution File, Format Version 12.00
# Visual Studio Version 16
VisualStudioVersion = 16.0.30503.244
MinimumVisualStudioVersion = 10.0.40219.1
Project("{FAE04EC0-301F-11D3-BF4B-00C04F79EFBC}") = "Mission 4", "Mission 4.csproj", "{EDA3720A-2696-4B19-B57B-64C28EA8C24B}"
EndProject
Global
	GlobalSection(SolutionConfigurationPlatforms) = preSolution
		Debug|Any CPU = Debug|Any CPU
		Release|Any CPU = Release|Any CPU
	EndGlobalSection
	GlobalSection(ProjectConfigurationPlatforms) = postSolution
		{EDA3720A-2696-4B19-B57B-64C28EA8C24B}.Debug|Any CPU.ActiveCfg = Debug|Any CPU
		{EDA3720A-2696-4B19-B57B-64C28EA8C24B}.Debug|Any CPU.Build.0 = Debug|Any CPU
		{EDA3720A-2696-4B19-B57B-64C28EA8C24B}.Release|Any CPU.ActiveCfg = Release|Any CPU
		{EDA3720A-2696-4B19-B57B-64C28EA8C24B}.Release|Any CPU.Build.0 = Release|Any CPU
	EndGlobalSection
	GlobalSection(SolutionProperties) = preSolution
		HideSolutionNode = FALSE
	EndGlobalSection
	GlobalSection(ExtensibilityGlobals) = postSolution
		SolutionGuid = {FC36A10C-C4EE-436C-A3B7-8D2FB32FC22B}
	EndGlobalSection
EndGlobal
