
Microsoft Visual Studio Solution File, Format Version 12.00
# Visual Studio Version 16
VisualStudioVersion = 16.0.30517.126
MinimumVisualStudioVersion = 10.0.40219.1
Project("{FAE04EC0-301F-11D3-BF4B-00C04F79EFBC}") = "Day 1-4 Mission Adventure Map", "Day 1-4 Mission Adventure Map.csproj", "{818679B8-927F-4681-A9BC-94DCBEE6B19C}"
EndProject
Global
	GlobalSection(SolutionConfigurationPlatforms) = preSolution
		Debug|Any CPU = Debug|Any CPU
		Release|Any CPU = Release|Any CPU
	EndGlobalSection
	GlobalSection(ProjectConfigurationPlatforms) = postSolution
		{818679B8-927F-4681-A9BC-94DCBEE6B19C}.Debug|Any CPU.ActiveCfg = Debug|Any CPU
		{818679B8-927F-4681-A9BC-94DCBEE6B19C}.Debug|Any CPU.Build.0 = Debug|Any CPU
		{818679B8-927F-4681-A9BC-94DCBEE6B19C}.Release|Any CPU.ActiveCfg = Release|Any CPU
		{818679B8-927F-4681-A9BC-94DCBEE6B19C}.Release|Any CPU.Build.0 = Release|Any CPU
	EndGlobalSection
	GlobalSection(SolutionProperties) = preSolution
		HideSolutionNode = FALSE
	EndGlobalSection
	GlobalSection(ExtensibilityGlobals) = postSolution
		SolutionGuid = {C8E467F8-6479-4B71-8B98-CBEFFD6C291F}
	EndGlobalSection
EndGlobal
