
Microsoft Visual Studio Solution File, Format Version 12.00
# Visual Studio Version 16
VisualStudioVersion = 16.0.30503.244
MinimumVisualStudioVersion = 10.0.40219.1
Project("{FAE04EC0-301F-11D3-BF4B-00C04F79EFBC}") = "Mission 3", "Mission 3.csproj", "{ACB96AF0-3984-44EB-A1FF-182E62CFAE56}"
EndProject
Global
	GlobalSection(SolutionConfigurationPlatforms) = preSolution
		Debug|Any CPU = Debug|Any CPU
		Release|Any CPU = Release|Any CPU
	EndGlobalSection
	GlobalSection(ProjectConfigurationPlatforms) = postSolution
		{ACB96AF0-3984-44EB-A1FF-182E62CFAE56}.Debug|Any CPU.ActiveCfg = Debug|Any CPU
		{ACB96AF0-3984-44EB-A1FF-182E62CFAE56}.Debug|Any CPU.Build.0 = Debug|Any CPU
		{ACB96AF0-3984-44EB-A1FF-182E62CFAE56}.Release|Any CPU.ActiveCfg = Release|Any CPU
		{ACB96AF0-3984-44EB-A1FF-182E62CFAE56}.Release|Any CPU.Build.0 = Release|Any CPU
	EndGlobalSection
	GlobalSection(SolutionProperties) = preSolution
		HideSolutionNode = FALSE
	EndGlobalSection
	GlobalSection(ExtensibilityGlobals) = postSolution
		SolutionGuid = {28CF99D9-9A2D-4DC3-8742-A3B4557D3459}
	EndGlobalSection
EndGlobal
