
Microsoft Visual Studio Solution File, Format Version 12.00
# Visual Studio Version 16
VisualStudioVersion = 16.0.30523.141
MinimumVisualStudioVersion = 10.0.40219.1
Project("{FAE04EC0-301F-11D3-BF4B-00C04F79EFBC}") = "ArcadeGame", "ArcadeGame.csproj", "{4CCC1596-1D87-437A-99CC-E5338EB74A99}"
EndProject
Global
	GlobalSection(SolutionConfigurationPlatforms) = preSolution
		Debug|Any CPU = Debug|Any CPU
		Release|Any CPU = Release|Any CPU
	EndGlobalSection
	GlobalSection(ProjectConfigurationPlatforms) = postSolution
		{4CCC1596-1D87-437A-99CC-E5338EB74A99}.Debug|Any CPU.ActiveCfg = Debug|Any CPU
		{4CCC1596-1D87-437A-99CC-E5338EB74A99}.Debug|Any CPU.Build.0 = Debug|Any CPU
		{4CCC1596-1D87-437A-99CC-E5338EB74A99}.Release|Any CPU.ActiveCfg = Release|Any CPU
		{4CCC1596-1D87-437A-99CC-E5338EB74A99}.Release|Any CPU.Build.0 = Release|Any CPU
	EndGlobalSection
	GlobalSection(SolutionProperties) = preSolution
		HideSolutionNode = FALSE
	EndGlobalSection
	GlobalSection(ExtensibilityGlobals) = postSolution
		SolutionGuid = {DA20BF03-2981-4BCD-99B0-1F6003DCC5DD}
	EndGlobalSection
EndGlobal
