
Microsoft Visual Studio Solution File, Format Version 12.00
# Visual Studio Version 16
VisualStudioVersion = 16.0.30523.141
MinimumVisualStudioVersion = 10.0.40219.1
Project("{FAE04EC0-301F-11D3-BF4B-00C04F79EFBC}") = "Day 3 Mission 2 ASCII chart", "Day 3 Mission 2 ASCII chart.csproj", "{8FAD0F9F-4649-4C35-81B5-51FF310AB5E2}"
EndProject
Global
	GlobalSection(SolutionConfigurationPlatforms) = preSolution
		Debug|Any CPU = Debug|Any CPU
		Release|Any CPU = Release|Any CPU
	EndGlobalSection
	GlobalSection(ProjectConfigurationPlatforms) = postSolution
		{8FAD0F9F-4649-4C35-81B5-51FF310AB5E2}.Debug|Any CPU.ActiveCfg = Debug|Any CPU
		{8FAD0F9F-4649-4C35-81B5-51FF310AB5E2}.Debug|Any CPU.Build.0 = Debug|Any CPU
		{8FAD0F9F-4649-4C35-81B5-51FF310AB5E2}.Release|Any CPU.ActiveCfg = Release|Any CPU
		{8FAD0F9F-4649-4C35-81B5-51FF310AB5E2}.Release|Any CPU.Build.0 = Release|Any CPU
	EndGlobalSection
	GlobalSection(SolutionProperties) = preSolution
		HideSolutionNode = FALSE
	EndGlobalSection
	GlobalSection(ExtensibilityGlobals) = postSolution
		SolutionGuid = {B1A1FCDD-97BF-44BF-9B60-8FBE59FB2CE2}
	EndGlobalSection
EndGlobal
