
Microsoft Visual Studio Solution File, Format Version 12.00
# Visual Studio Version 16
VisualStudioVersion = 16.0.30523.141
MinimumVisualStudioVersion = 10.0.40219.1
Project("{FAE04EC0-301F-11D3-BF4B-00C04F79EFBC}") = "Day 3 Mission 4 Standard dice notation", "Day 3 Mission 4 Standard dice notation.csproj", "{E9FD2F99-2020-4171-8CA5-B9A3505BFEC3}"
EndProject
Global
	GlobalSection(SolutionConfigurationPlatforms) = preSolution
		Debug|Any CPU = Debug|Any CPU
		Release|Any CPU = Release|Any CPU
	EndGlobalSection
	GlobalSection(ProjectConfigurationPlatforms) = postSolution
		{E9FD2F99-2020-4171-8CA5-B9A3505BFEC3}.Debug|Any CPU.ActiveCfg = Debug|Any CPU
		{E9FD2F99-2020-4171-8CA5-B9A3505BFEC3}.Debug|Any CPU.Build.0 = Debug|Any CPU
		{E9FD2F99-2020-4171-8CA5-B9A3505BFEC3}.Release|Any CPU.ActiveCfg = Release|Any CPU
		{E9FD2F99-2020-4171-8CA5-B9A3505BFEC3}.Release|Any CPU.Build.0 = Release|Any CPU
	EndGlobalSection
	GlobalSection(SolutionProperties) = preSolution
		HideSolutionNode = FALSE
	EndGlobalSection
	GlobalSection(ExtensibilityGlobals) = postSolution
		SolutionGuid = {255F95E4-A953-4691-87BA-CA4882C02E3E}
	EndGlobalSection
EndGlobal
