
Microsoft Visual Studio Solution File, Format Version 12.00
# Visual Studio Version 16
VisualStudioVersion = 16.0.30503.244
MinimumVisualStudioVersion = 10.0.40219.1
Project("{FAE04EC0-301F-11D3-BF4B-00C04F79EFBC}") = "Mission 2", "Mission 2.csproj", "{236CF5B2-E79D-4B71-BCE6-338B8269E7EB}"
EndProject
Global
	GlobalSection(SolutionConfigurationPlatforms) = preSolution
		Debug|Any CPU = Debug|Any CPU
		Release|Any CPU = Release|Any CPU
	EndGlobalSection
	GlobalSection(ProjectConfigurationPlatforms) = postSolution
		{236CF5B2-E79D-4B71-BCE6-338B8269E7EB}.Debug|Any CPU.ActiveCfg = Debug|Any CPU
		{236CF5B2-E79D-4B71-BCE6-338B8269E7EB}.Debug|Any CPU.Build.0 = Debug|Any CPU
		{236CF5B2-E79D-4B71-BCE6-338B8269E7EB}.Release|Any CPU.ActiveCfg = Release|Any CPU
		{236CF5B2-E79D-4B71-BCE6-338B8269E7EB}.Release|Any CPU.Build.0 = Release|Any CPU
	EndGlobalSection
	GlobalSection(SolutionProperties) = preSolution
		HideSolutionNode = FALSE
	EndGlobalSection
	GlobalSection(ExtensibilityGlobals) = postSolution
		SolutionGuid = {8A7BCC07-3284-4CDD-B608-52DAC11FECD8}
	EndGlobalSection
EndGlobal
