
Microsoft Visual Studio Solution File, Format Version 12.00
# Visual Studio Version 16
VisualStudioVersion = 16.0.30523.141
MinimumVisualStudioVersion = 10.0.40219.1
Project("{FAE04EC0-301F-11D3-BF4B-00C04F79EFBC}") = "Day 4 Mission 3 Standard dice notation counter", "Day 4 Mission 3 Standard dice notation counter.csproj", "{1B4C9510-F2C6-48C1-B865-8ED3E7506D97}"
EndProject
Global
	GlobalSection(SolutionConfigurationPlatforms) = preSolution
		Debug|Any CPU = Debug|Any CPU
		Release|Any CPU = Release|Any CPU
	EndGlobalSection
	GlobalSection(ProjectConfigurationPlatforms) = postSolution
		{1B4C9510-F2C6-48C1-B865-8ED3E7506D97}.Debug|Any CPU.ActiveCfg = Debug|Any CPU
		{1B4C9510-F2C6-48C1-B865-8ED3E7506D97}.Debug|Any CPU.Build.0 = Debug|Any CPU
		{1B4C9510-F2C6-48C1-B865-8ED3E7506D97}.Release|Any CPU.ActiveCfg = Release|Any CPU
		{1B4C9510-F2C6-48C1-B865-8ED3E7506D97}.Release|Any CPU.Build.0 = Release|Any CPU
	EndGlobalSection
	GlobalSection(SolutionProperties) = preSolution
		HideSolutionNode = FALSE
	EndGlobalSection
	GlobalSection(ExtensibilityGlobals) = postSolution
		SolutionGuid = {C3CD8495-5298-4A77-9AFE-59590360BDAA}
	EndGlobalSection
EndGlobal
