
Microsoft Visual Studio Solution File, Format Version 12.00
# Visual Studio Version 16
VisualStudioVersion = 16.0.30503.244
MinimumVisualStudioVersion = 10.0.40219.1
Project("{FAE04EC0-301F-11D3-BF4B-00C04F79EFBC}") = "Mission 1", "Mission 1\Mission 1.csproj", "{75487B44-EC2A-4539-A32A-662ED8077608}"
EndProject
Global
	GlobalSection(SolutionConfigurationPlatforms) = preSolution
		Debug|Any CPU = Debug|Any CPU
		Release|Any CPU = Release|Any CPU
	EndGlobalSection
	GlobalSection(ProjectConfigurationPlatforms) = postSolution
		{75487B44-EC2A-4539-A32A-662ED8077608}.Debug|Any CPU.ActiveCfg = Debug|Any CPU
		{75487B44-EC2A-4539-A32A-662ED8077608}.Debug|Any CPU.Build.0 = Debug|Any CPU
		{75487B44-EC2A-4539-A32A-662ED8077608}.Release|Any CPU.ActiveCfg = Release|Any CPU
		{75487B44-EC2A-4539-A32A-662ED8077608}.Release|Any CPU.Build.0 = Release|Any CPU
	EndGlobalSection
	GlobalSection(SolutionProperties) = preSolution
		HideSolutionNode = FALSE
	EndGlobalSection
	GlobalSection(ExtensibilityGlobals) = postSolution
		SolutionGuid = {F987501D-BF49-47CA-BB94-58F8F1F92F62}
	EndGlobalSection
EndGlobal
