
Microsoft Visual Studio Solution File, Format Version 12.00
# Visual Studio Version 16
VisualStudioVersion = 16.0.30517.126
MinimumVisualStudioVersion = 10.0.40219.1
Project("{FAE04EC0-301F-11D3-BF4B-00C04F79EFBC}") = "Day 4 Mission 1 Party shuffle", "Day 4 Mission 1 Party shuffle.csproj", "{C47BA8F8-0EA6-40C2-A0DA-18FD40FAB474}"
EndProject
Global
	GlobalSection(SolutionConfigurationPlatforms) = preSolution
		Debug|Any CPU = Debug|Any CPU
		Release|Any CPU = Release|Any CPU
	EndGlobalSection
	GlobalSection(ProjectConfigurationPlatforms) = postSolution
		{C47BA8F8-0EA6-40C2-A0DA-18FD40FAB474}.Debug|Any CPU.ActiveCfg = Debug|Any CPU
		{C47BA8F8-0EA6-40C2-A0DA-18FD40FAB474}.Debug|Any CPU.Build.0 = Debug|Any CPU
		{C47BA8F8-0EA6-40C2-A0DA-18FD40FAB474}.Release|Any CPU.ActiveCfg = Release|Any CPU
		{C47BA8F8-0EA6-40C2-A0DA-18FD40FAB474}.Release|Any CPU.Build.0 = Release|Any CPU
	EndGlobalSection
	GlobalSection(SolutionProperties) = preSolution
		HideSolutionNode = FALSE
	EndGlobalSection
	GlobalSection(ExtensibilityGlobals) = postSolution
		SolutionGuid = {B28951EB-7092-4DC3-A718-E28380C7110C}
	EndGlobalSection
EndGlobal
