
Microsoft Visual Studio Solution File, Format Version 12.00
# Visual Studio Version 16
VisualStudioVersion = 16.0.30503.244
MinimumVisualStudioVersion = 10.0.40219.1
Project("{9A19103F-16F7-4668-BE54-9A1E7A4F7556}") = "Mission 1", "Mission 1\Mission 1.csproj", "{75487B44-EC2A-4539-A32A-662ED8077608}"
EndProject
Global
	GlobalSection(SolutionConfigurationPlatforms) = preSolution
		Debug|Any CPU = Debug|Any CPU
		Release|Any CPU = Release|Any CPU
	EndGlobalSection
	GlobalSection(ProjectConfigurationPlatforms) = postSolution
		{75487B44-EC2A-4539-A32A-662ED8077608}.Debug|Any CPU.ActiveCfg = Debug|Any CPU
		{75487B44-EC2A-4539-A32A-662ED8077608}.Debug|Any CPU.Build.0 = Debug|Any CPU
		{75487B44-EC2A-4539-A32A-662ED8077608}.Release|Any CPU.ActiveCfg = Release|Any CPU
		{75487B44-EC2A-4539-A32A-662ED8077608}.Release|Any CPU.Build.0 = Release|Any CPU
	EndGlobalSection
	GlobalSection(SolutionProperties) = preSolution
		HideSolutionNode = FALSE
	EndGlobalSection
	GlobalSection(ExtensibilityGlobals) = postSolution
		SolutionGuid = {B4516220-D448-44FA-86F0-26C1101DEA96}
	EndGlobalSection
EndGlobal
