
Microsoft Visual Studio Solution File, Format Version 12.00
# Visual Studio Version 16
VisualStudioVersion = 16.0.30517.126
MinimumVisualStudioVersion = 10.0.40219.1
Project("{FAE04EC0-301F-11D3-BF4B-00C04F79EFBC}") = "The Tank Stuff", "The Tank Stuff.csproj", "{36F1DA2C-E6D9-487A-8248-D28B563DE7E8}"
EndProject
Global
	GlobalSection(SolutionConfigurationPlatforms) = preSolution
		Debug|Any CPU = Debug|Any CPU
		Release|Any CPU = Release|Any CPU
	EndGlobalSection
	GlobalSection(ProjectConfigurationPlatforms) = postSolution
		{36F1DA2C-E6D9-487A-8248-D28B563DE7E8}.Debug|Any CPU.ActiveCfg = Debug|Any CPU
		{36F1DA2C-E6D9-487A-8248-D28B563DE7E8}.Debug|Any CPU.Build.0 = Debug|Any CPU
		{36F1DA2C-E6D9-487A-8248-D28B563DE7E8}.Release|Any CPU.ActiveCfg = Release|Any CPU
		{36F1DA2C-E6D9-487A-8248-D28B563DE7E8}.Release|Any CPU.Build.0 = Release|Any CPU
	EndGlobalSection
	GlobalSection(SolutionProperties) = preSolution
		HideSolutionNode = FALSE
	EndGlobalSection
	GlobalSection(ExtensibilityGlobals) = postSolution
		SolutionGuid = {E25291C8-2215-4A63-AC0C-A0712346765A}
	EndGlobalSection
EndGlobal
