
Microsoft Visual Studio Solution File, Format Version 12.00
# Visual Studio Version 16
VisualStudioVersion = 16.0.30503.244
MinimumVisualStudioVersion = 10.0.40219.1
Project("{FAE04EC0-301F-11D3-BF4B-00C04F79EFBC}") = "Mission 2", "Mission 2.csproj", "{8CF0160B-13C9-4BC3-BD52-D5C44E29F31D}"
EndProject
Global
	GlobalSection(SolutionConfigurationPlatforms) = preSolution
		Debug|Any CPU = Debug|Any CPU
		Release|Any CPU = Release|Any CPU
	EndGlobalSection
	GlobalSection(ProjectConfigurationPlatforms) = postSolution
		{8CF0160B-13C9-4BC3-BD52-D5C44E29F31D}.Debug|Any CPU.ActiveCfg = Debug|Any CPU
		{8CF0160B-13C9-4BC3-BD52-D5C44E29F31D}.Debug|Any CPU.Build.0 = Debug|Any CPU
		{8CF0160B-13C9-4BC3-BD52-D5C44E29F31D}.Release|Any CPU.ActiveCfg = Release|Any CPU
		{8CF0160B-13C9-4BC3-BD52-D5C44E29F31D}.Release|Any CPU.Build.0 = Release|Any CPU
	EndGlobalSection
	GlobalSection(SolutionProperties) = preSolution
		HideSolutionNode = FALSE
	EndGlobalSection
	GlobalSection(ExtensibilityGlobals) = postSolution
		SolutionGuid = {22CCF33A-66D4-4CC6-9EFD-F4B7C93F3287}
	EndGlobalSection
EndGlobal
