
Microsoft Visual Studio Solution File, Format Version 12.00
# Visual Studio Version 16
VisualStudioVersion = 16.0.30523.141
MinimumVisualStudioVersion = 10.0.40219.1
Project("{FAE04EC0-301F-11D3-BF4B-00C04F79EFBC}") = "Day 5 Mission 1 Minotaur's lair", "Day 5 Mission 1 Minotaur's lair.csproj", "{7A0A6E36-5D2B-46E3-8C12-9563324AF944}"
EndProject
Global
	GlobalSection(SolutionConfigurationPlatforms) = preSolution
		Debug|Any CPU = Debug|Any CPU
		Release|Any CPU = Release|Any CPU
	EndGlobalSection
	GlobalSection(ProjectConfigurationPlatforms) = postSolution
		{7A0A6E36-5D2B-46E3-8C12-9563324AF944}.Debug|Any CPU.ActiveCfg = Debug|Any CPU
		{7A0A6E36-5D2B-46E3-8C12-9563324AF944}.Debug|Any CPU.Build.0 = Debug|Any CPU
		{7A0A6E36-5D2B-46E3-8C12-9563324AF944}.Release|Any CPU.ActiveCfg = Release|Any CPU
		{7A0A6E36-5D2B-46E3-8C12-9563324AF944}.Release|Any CPU.Build.0 = Release|Any CPU
	EndGlobalSection
	GlobalSection(SolutionProperties) = preSolution
		HideSolutionNode = FALSE
	EndGlobalSection
	GlobalSection(ExtensibilityGlobals) = postSolution
		SolutionGuid = {C27D9E7A-7D9B-442B-B5C9-E8112F4D698E}
	EndGlobalSection
EndGlobal
