
Microsoft Visual Studio Solution File, Format Version 12.00
# Visual Studio Version 16
VisualStudioVersion = 16.0.30503.244
MinimumVisualStudioVersion = 10.0.40219.1
Project("{FAE04EC0-301F-11D3-BF4B-00C04F79EFBC}") = "branches-tutorial", "branches-tutorial\branches-tutorial.csproj", "{FEA7CC7E-14F4-42B8-A547-3EB6D2CB40C2}"
EndProject
Global
	GlobalSection(SolutionConfigurationPlatforms) = preSolution
		Debug|Any CPU = Debug|Any CPU
		Release|Any CPU = Release|Any CPU
	EndGlobalSection
	GlobalSection(ProjectConfigurationPlatforms) = postSolution
		{FEA7CC7E-14F4-42B8-A547-3EB6D2CB40C2}.Debug|Any CPU.ActiveCfg = Debug|Any CPU
		{FEA7CC7E-14F4-42B8-A547-3EB6D2CB40C2}.Debug|Any CPU.Build.0 = Debug|Any CPU
		{FEA7CC7E-14F4-42B8-A547-3EB6D2CB40C2}.Release|Any CPU.ActiveCfg = Release|Any CPU
		{FEA7CC7E-14F4-42B8-A547-3EB6D2CB40C2}.Release|Any CPU.Build.0 = Release|Any CPU
	EndGlobalSection
	GlobalSection(SolutionProperties) = preSolution
		HideSolutionNode = FALSE
	EndGlobalSection
	GlobalSection(ExtensibilityGlobals) = postSolution
		SolutionGuid = {CAD5CB0C-DA51-42C8-8873-BA941E15F024}
	EndGlobalSection
EndGlobal
