
Microsoft Visual Studio Solution File, Format Version 12.00
# Visual Studio Version 16
VisualStudioVersion = 16.0.30517.126
MinimumVisualStudioVersion = 10.0.40219.1
Project("{FAE04EC0-301F-11D3-BF4B-00C04F79EFBC}") = "Day 5 Mission 1 Bowling simulation", "Day 5 Mission 1 Bowling simulation.csproj", "{4A81147A-49D5-42BC-930D-5E8D9F15D6F9}"
EndProject
Global
	GlobalSection(SolutionConfigurationPlatforms) = preSolution
		Debug|Any CPU = Debug|Any CPU
		Release|Any CPU = Release|Any CPU
	EndGlobalSection
	GlobalSection(ProjectConfigurationPlatforms) = postSolution
		{4A81147A-49D5-42BC-930D-5E8D9F15D6F9}.Debug|Any CPU.ActiveCfg = Debug|Any CPU
		{4A81147A-49D5-42BC-930D-5E8D9F15D6F9}.Debug|Any CPU.Build.0 = Debug|Any CPU
		{4A81147A-49D5-42BC-930D-5E8D9F15D6F9}.Release|Any CPU.ActiveCfg = Release|Any CPU
		{4A81147A-49D5-42BC-930D-5E8D9F15D6F9}.Release|Any CPU.Build.0 = Release|Any CPU
	EndGlobalSection
	GlobalSection(SolutionProperties) = preSolution
		HideSolutionNode = FALSE
	EndGlobalSection
	GlobalSection(ExtensibilityGlobals) = postSolution
		SolutionGuid = {E5018135-ADCA-43A4-9797-8FA94A4D7F9A}
	EndGlobalSection
EndGlobal
