
Microsoft Visual Studio Solution File, Format Version 12.00
# Visual Studio Version 16
VisualStudioVersion = 16.0.30523.141
MinimumVisualStudioVersion = 10.0.40219.1
Project("{FAE04EC0-301F-11D3-BF4B-00C04F79EFBC}") = "Day 5 Mission 2 Phone number search", "Day 5 Mission 2 Phone number search.csproj", "{F3E990E8-666D-454F-9549-95CDA05B8551}"
EndProject
Global
	GlobalSection(SolutionConfigurationPlatforms) = preSolution
		Debug|Any CPU = Debug|Any CPU
		Release|Any CPU = Release|Any CPU
	EndGlobalSection
	GlobalSection(ProjectConfigurationPlatforms) = postSolution
		{F3E990E8-666D-454F-9549-95CDA05B8551}.Debug|Any CPU.ActiveCfg = Debug|Any CPU
		{F3E990E8-666D-454F-9549-95CDA05B8551}.Debug|Any CPU.Build.0 = Debug|Any CPU
		{F3E990E8-666D-454F-9549-95CDA05B8551}.Release|Any CPU.ActiveCfg = Release|Any CPU
		{F3E990E8-666D-454F-9549-95CDA05B8551}.Release|Any CPU.Build.0 = Release|Any CPU
	EndGlobalSection
	GlobalSection(SolutionProperties) = preSolution
		HideSolutionNode = FALSE
	EndGlobalSection
	GlobalSection(ExtensibilityGlobals) = postSolution
		SolutionGuid = {5B5C002C-86AD-4FB4-90A1-93ABA2C8D767}
	EndGlobalSection
EndGlobal
