
Microsoft Visual Studio Solution File, Format Version 12.00
# Visual Studio Version 16
VisualStudioVersion = 16.0.30523.141
MinimumVisualStudioVersion = 10.0.40219.1
Project("{FAE04EC0-301F-11D3-BF4B-00C04F79EFBC}") = "Day 1 Mission 2 Flying ability", "Day 1 Mission 2 Flying ability.csproj", "{9E37A71D-F761-43B6-8E90-851F1EFE33DC}"
EndProject
Global
	GlobalSection(SolutionConfigurationPlatforms) = preSolution
		Debug|Any CPU = Debug|Any CPU
		Release|Any CPU = Release|Any CPU
	EndGlobalSection
	GlobalSection(ProjectConfigurationPlatforms) = postSolution
		{9E37A71D-F761-43B6-8E90-851F1EFE33DC}.Debug|Any CPU.ActiveCfg = Debug|Any CPU
		{9E37A71D-F761-43B6-8E90-851F1EFE33DC}.Debug|Any CPU.Build.0 = Debug|Any CPU
		{9E37A71D-F761-43B6-8E90-851F1EFE33DC}.Release|Any CPU.ActiveCfg = Release|Any CPU
		{9E37A71D-F761-43B6-8E90-851F1EFE33DC}.Release|Any CPU.Build.0 = Release|Any CPU
	EndGlobalSection
	GlobalSection(SolutionProperties) = preSolution
		HideSolutionNode = FALSE
	EndGlobalSection
	GlobalSection(ExtensibilityGlobals) = postSolution
		SolutionGuid = {F0C5BD8B-3CBF-44A0-9E08-C89CF1D81F2B}
	EndGlobalSection
EndGlobal
